{
  "name": "avm-js",
  "lockfileVersion": 3,
  "requires": true,
  "packages": {
    "": {
      "dependencies": {
        "@xmldom/xmldom": "^0.9.8",
        "exifreader": "^4.27.0"
      }
    },
    "node_modules/@xmldom/xmldom": {
      "version": "0.9.8",
      "resolved": "https://registry.npmjs.org/@xmldom/xmldom/-/xmldom-0.9.8.tgz",
      "integrity": "sha512-p96FSY54r+WJ50FIOsCOjyj/wavs8921hG5+kVMmZgKcvIKxMXHTrjNJvRgWa/zuX3B6t2lijLNFaOyuxUH+2A==",
      "license": "MIT",
      "engines": {
        "node": ">=14.6"
      }
    },
    "node_modules/exifreader": {
      "version": "4.27.0",
      "resolved": "https://registry.npmjs.org/exifreader/-/exifreader-4.27.0.tgz",
      "integrity": "sha512-wrjtidE4MN5yQGI0ydeJm0Yw+HeCrziQGj5MccnHS0G+IyDoF8cyazKabXxj9F5LjXxqYTKiXm9nTYqvKAESzg==",
      "hasInstallScript": true,
      "license": "MPL-2.0",
      "optionalDependencies": {
        "@xmldom/xmldom": "^0.9.4"
      }
    }
  }
}
