{
  "name": "avm-js",
  "lockfileVersion": 3,
  "requires": true,
  "packages": {
    "": {
      "dependencies": {
        "@xmldom/xmldom": "^0.9.12",
        "exifreader": "^4.40.1"
      }
    },
    "node_modules/@xmldom/xmldom": {
      "version": "0.9.12",
      "resolved": "https://registry.npmjs.org/@xmldom/xmldom/-/xmldom-0.9.12.tgz",
      "integrity": "sha512-5AXjrcMClTryPe9LgZrygpB1lj7s0S9E0+W+AHaVKAVyHanafK86iPSvG5xHVSp/jC+VH1UXu0TAEmY279xH7A==",
      "license": "MIT",
      "engines": {
        "node": ">=14.6"
      }
    },
    "node_modules/exifreader": {
      "version": "4.40.1",
      "resolved": "https://registry.npmjs.org/exifreader/-/exifreader-4.40.1.tgz",
      "integrity": "sha512-Xavsts17ZYZoxUsUn+HCvGf8LB2ry7/pLSk2bYhXPGNLKciQDOxsY2EoytnKWfGmBRm4yvHVkw8RWsG5J8s3pA==",
      "hasInstallScript": true,
      "license": "MPL-2.0",
      "optionalDependencies": {
        "@xmldom/xmldom": "^0.9.9"
      }
    }
  }
}
